
Microsoft Visual Studio Solution File, Format Version 12.00
# Visual Studio 2013
VisualStudioVersion = 12.0.31101.0
MinimumVisualStudioVersion = 10.0.40219.1
Project("{FAE04EC0-301F-11D3-BF4B-00C04F79EFBC}") = "WebFetcher", "WebFetcher\WebFetcher.csproj", "{A0529EF1-D1C1-4FB8-A76D-974DF88B120F}"
EndProject
Project("{2150E333-8FDC-42A3-9474-1A3956D46DE8}") = "Solution Items", "Solution Items", "{F1D20259-E65A-4F12-813D-AB3F573BFCD1}"
	ProjectSection(SolutionItems) = preProject
		..\.gitignore = ..\.gitignore
	EndProjectSection
EndProject
Project("{2150E333-8FDC-42A3-9474-1A3956D46DE8}") = ".nuget", ".nuget", "{DBE3B866-ACCC-4CDB-AFED-0DC8E76CA191}"
	ProjectSection(SolutionItems) = preProject
		.nuget\NuGet.Config = .nuget\NuGet.Config
		.nuget\NuGet.exe = .nuget\NuGet.exe
		.nuget\NuGet.targets = .nuget\NuGet.targets
	EndProjectSection
EndProject
Global
	GlobalSection(SolutionConfigurationPlatforms) = preSolution
		Debug|Any CPU = Debug|Any CPU
		Release|Any CPU = Release|Any CPU
	EndGlobalSection
	GlobalSection(ProjectConfigurationPlatforms) = postSolution
		{A0529EF1-D1C1-4FB8-A76D-974DF88B120F}.Debug|Any CPU.ActiveCfg = Debug|Any CPU
		{A0529EF1-D1C1-4FB8-A76D-974DF88B120F}.Debug|Any CPU.Build.0 = Debug|Any CPU
		{A0529EF1-D1C1-4FB8-A76D-974DF88B120F}.Release|Any CPU.ActiveCfg = Release|Any CPU
		{A0529EF1-D1C1-4FB8-A76D-974DF88B120F}.Release|Any CPU.Build.0 = Release|Any CPU
	EndGlobalSection
	GlobalSection(SolutionProperties) = preSolution
		HideSolutionNode = FALSE
	EndGlobalSection
EndGlobal
